
Microsoft Visual Studio Solution File, Format Version 12.00
# Visual Studio 15
VisualStudioVersion = 15.0.28010.2050
MinimumVisualStudioVersion = 10.0.40219.1
Project("{FAE04EC0-301F-11D3-BF4B-00C04F79EFBC}") = "blankspaces", "blankspaces\blankspaces.csproj", "{FEE15D98-2102-4980-9290-DD62EF6CC1FB}"
EndProject
Global
	GlobalSection(SolutionConfigurationPlatforms) = preSolution
		Debug|Any CPU = Debug|Any CPU
		Release|Any CPU = Release|Any CPU
	EndGlobalSection
	GlobalSection(ProjectConfigurationPlatforms) = postSolution
		{FEE15D98-2102-4980-9290-DD62EF6CC1FB}.Debug|Any CPU.ActiveCfg = Debug|Any CPU
		{FEE15D98-2102-4980-9290-DD62EF6CC1FB}.Debug|Any CPU.Build.0 = Debug|Any CPU
		{FEE15D98-2102-4980-9290-DD62EF6CC1FB}.Release|Any CPU.ActiveCfg = Release|Any CPU
		{FEE15D98-2102-4980-9290-DD62EF6CC1FB}.Release|Any CPU.Build.0 = Release|Any CPU
	EndGlobalSection
	GlobalSection(SolutionProperties) = preSolution
		HideSolutionNode = FALSE
	EndGlobalSection
	GlobalSection(ExtensibilityGlobals) = postSolution
		SolutionGuid = {301612D8-7F66-408D-9612-4382C78A3E96}
	EndGlobalSection
EndGlobal
